// !$*UTF8*$!
{
	archiveVersion = 1;
	classes = {
	};
	objectVersion = 48;
	objects = {

/* Begin PBXBuildFile section */
		F49186D6200504E100198A2C /* AppDelegate.m in Sources */ = {isa = PBXBuildFile; fileRef = F49186D5200504E100198A2C /* AppDelegate.m */; };
		F49186D9200504E100198A2C /* ViewController.m in Sources */ = {isa = PBXBuildFile; fileRef = F49186D8200504E100198A2C /* ViewController.m */; };
		F49186DC200504E100198A2C /* Main.storyboard in Resources */ = {isa = PBXBuildFile; fileRef = F49186DA200504E100198A2C /* Main.storyboard */; };
		F49186DE200504E100198A2C /* Assets.xcassets in Resources */ = {isa = PBXBuildFile; fileRef = F49186DD200504E100198A2C /* Assets.xcassets */; };
		F49186E1200504E100198A2C /* LaunchScreen.storyboard in Resources */ = {isa = PBXBuildFile; fileRef = F49186DF200504E100198A2C /* LaunchScreen.storyboard */; };
		F49186E4200504E100198A2C /* main.m in Sources */ = {isa = PBXBuildFile; fileRef = F49186E3200504E100198A2C /* main.m */; };
		F49186ED20051C9A00198A2C /* SROrderScrollView.m in Sources */ = {isa = PBXBuildFile; fileRef = F49186EC20051C9A00198A2C /* SROrderScrollView.m */; };
/* End PBXBuildFile section */

/* Begin PBXFileReference section */
		F49186D1200504E100198A2C /* SROrderScrollViewDemo.app */ = {isa = PBXFileReference; explicitFileType = wrapper.application; includeInIndex = 0; path = SROrderScrollViewDemo.app; sourceTree = BUILT_PRODUCTS_DIR; };
		F49186D4200504E100198A2C /* AppDelegate.h */ = {isa = PBXFileReference; lastKnownFileType = sourcecode.c.h; path = AppDelegate.h; sourceTree = "<group>"; };
		F49186D5200504E100198A2C /* AppDelegate.m */ = {isa = PBXFileReference; lastKnownFileType = sourcecode.c.objc; path = AppDelegate.m; sourceTree = "<group>"; };
		F49186D7200504E100198A2C /* ViewController.h */ = {isa = PBXFileReference; lastKnownFileType = sourcecode.c.h; path = ViewController.h; sourceTree = "<group>"; };
		F49186D8200504E100198A2C /* ViewController.m */ = {isa = PBXFileReference; lastKnownFileType = sourcecode.c.objc; path = ViewController.m; sourceTree = "<group>"; };
		F49186DB200504E100198A2C /* Base */ = {isa = PBXFileReference; lastKnownFileType = file.storyboard; name = Base; path = Base.lproj/Main.storyboard; sourceTree = "<group>"; };
		F49186DD200504E100198A2C /* Assets.xcassets */ = {isa = PBXFileReference; lastKnownFileType = folder.assetcatalog; path = Assets.xcassets; sourceTree = "<group>"; };
		F49186E0200504E100198A2C /* Base */ = {isa = PBXFileReference; lastKnownFileType = file.storyboard; name = Base; path = Base.lproj/LaunchScreen.storyboard; sourceTree = "<group>"; };
		F49186E2200504E100198A2C /* Info.plist */ = {isa = PBXFileReference; lastKnownFileType = text.plist.xml; path = Info.plist; sourceTree = "<group>"; };
		F49186E3200504E100198A2C /* main.m */ = {isa = PBXFileReference; lastKnownFileType = sourcecode.c.objc; path = main.m; sourceTree = "<group>"; };
		F49186EB20051C9A00198A2C /* SROrderScrollView.h */ = {isa = PBXFileReference; lastKnownFileType = sourcecode.c.h; path = SROrderScrollView.h; sourceTree = "<group>"; };
		F49186EC20051C9A00198A2C /* SROrderScrollView.m */ = {isa = PBXFileReference; lastKnownFileType = sourcecode.c.objc; path = SROrderScrollView.m; sourceTree = "<group>"; };
/* End PBXFileReference section */

/* Begin PBXFrameworksBuildPhase section */
		F49186CE200504E100198A2C /* Frameworks */ = {
			isa = PBXFrameworksBuildPhase;
			buildActionMask = 2147483647;
			files = (
			);
			runOnlyForDeploymentPostprocessing = 0;
		};
/* End PBXFrameworksBuildPhase section */

/* Begin PBXGroup section */
		F49186C8200504E100198A2C = {
			isa = PBXGroup;
			children = (
				F49186D3200504E100198A2C /* SROrderScrollViewDemo */,
				F49186D2200504E100198A2C /* Products */,
			);
			sourceTree = "<group>";
		};
		F49186D2200504E100198A2C /* Products */ = {
			isa = PBXGroup;
			children = (
				F49186D1200504E100198A2C /* SROrderScrollViewDemo.app */,
			);
			name = Products;
			sourceTree = "<group>";
		};
		F49186D3200504E100198A2C /* SROrderScrollViewDemo */ = {
			isa = PBXGroup;
			children = (
				F49186EA2005055200198A2C /* SROrderScrollView */,
				F49186D4200504E100198A2C /* AppDelegate.h */,
				F49186D5200504E100198A2C /* AppDelegate.m */,
				F49186D7200504E100198A2C /* ViewController.h */,
				F49186D8200504E100198A2C /* ViewController.m */,
				F49186DA200504E100198A2C /* Main.storyboard */,
				F49186DD200504E100198A2C /* Assets.xcassets */,
				F49186DF200504E100198A2C /* LaunchScreen.storyboard */,
				F49186E2200504E100198A2C /* Info.plist */,
				F49186E3200504E100198A2C /* main.m */,
			);
			path = SROrderScrollViewDemo;
			sourceTree = "<group>";
		};
		F49186EA2005055200198A2C /* SROrderScrollView */ = {
			isa = PBXGroup;
			children = (
				F49186EB20051C9A00198A2C /* SROrderScrollView.h */,
				F49186EC20051C9A00198A2C /* SROrderScrollView.m */,
			);
			path = SROrderScrollView;
			sourceTree = "<group>";
		};
/* End PBXGroup section */

/* Begin PBXNativeTarget section */
		F49186D0200504E100198A2C /* SROrderScrollViewDemo */ = {
			isa = PBXNativeTarget;
			buildConfigurationList = F49186E7200504E100198A2C /* Build configuration list for PBXNativeTarget "SROrderScrollViewDemo" */;
			buildPhases = (
				F49186CD200504E100198A2C /* Sources */,
				F49186CE200504E100198A2C /* Frameworks */,
				F49186CF200504E100198A2C /* Resources */,
			);
			buildRules = (
			);
			dependencies = (
			);
			name = SROrderScrollViewDemo;
			productName = SROrderScrollViewDemo;
			productReference = F49186D1200504E100198A2C /* SROrderScrollViewDemo.app */;
			productType = "com.apple.product-type.application";
		};
/* End PBXNativeTarget section */

/* Begin PBXProject section */
		F49186C9200504E100198A2C /* Project object */ = {
			isa = PBXProject;
			attributes = {
				LastUpgradeCheck = 0920;
				ORGANIZATIONNAME = liusr;
				TargetAttributes = {
					F49186D0200504E100198A2C = {
						CreatedOnToolsVersion = 9.2;
						ProvisioningStyle = Automatic;
					};
				};
			};
			buildConfigurationList = F49186CC200504E100198A2C /* Build configuration list for PBXProject "SROrderScrollViewDemo" */;
			compatibilityVersion = "Xcode 8.0";
			developmentRegion = en;
			hasScannedForEncodings = 0;
			knownRegions = (
				en,
				Base,
			);
			mainGroup = F49186C8200504E100198A2C;
			productRefGroup = F49186D2200504E100198A2C /* Products */;
			projectDirPath = "";
			projectRoot = "";
			targets = (
				F49186D0200504E100198A2C /* SROrderScrollViewDemo */,
			);
		};
/* End PBXProject section */

/* Begin PBXResourcesBuildPhase section */
		F49186CF200504E100198A2C /* Resources */ = {
			isa = PBXResourcesBuildPhase;
			buildActionMask = 2147483647;
			files = (
				F49186E1200504E100198A2C /* LaunchScreen.storyboard in Resources */,
				F49186DE200504E100198A2C /* Assets.xcassets in Resources */,
				F49186DC200504E100198A2C /* Main.storyboard in Resources */,
			);
			runOnlyForDeploymentPostprocessing = 0;
		};
/* End PBXResourcesBuildPhase section */

/* Begin PBXSourcesBuildPhase section */
		F49186CD200504E100198A2C /* Sources */ = {
			isa = PBXSourcesBuildPhase;
			buildActionMask = 2147483647;
			files = (
				F49186D9200504E100198A2C /* ViewController.m in Sources */,
				F49186ED20051C9A00198A2C /* SROrderScrollView.m in Sources */,
				F49186E4200504E100198A2C /* main.m in Sources */,
				F49186D6200504E100198A2C /* AppDelegate.m in Sources */,
			);
			runOnlyForDeploymentPostprocessing = 0;
		};
/* End PBXSourcesBuildPhase section */

/* Begin PBXVariantGroup section */
		F49186DA200504E100198A2C /* Main.storyboard */ = {
			isa = PBXVariantGroup;
			children = (
				F49186DB200504E100198A2C /* Base */,
			);
			name = Main.storyboard;
			sourceTree = "<group>";
		};
		F49186DF200504E100198A2C /* LaunchScreen.storyboard */ = {
			isa = PBXVariantGroup;
			children = (
				F49186E0200504E100198A2C /* Base */,
			);
			name = LaunchScreen.storyboard;
			sourceTree = "<group>";
		};
/* End PBXVariantGroup section */

/* Begin XCBuildConfiguration section */
		F49186E5200504E100198A2C /* Debug */ = {
			isa = XCBuildConfiguration;
			buildSettings = {
				ALWAYS_SEARCH_USER_PATHS = NO;
				CLANG_ANALYZER_NONNULL = YES;
				CLANG_ANALYZER_NUMBER_OBJECT_CONVERSION = YES_AGGRESSIVE;
				CLANG_CXX_LANGUAGE_STANDARD = "gnu++14";
				CLANG_CXX_LIBRARY = "libc++";
				CLANG_ENABLE_MODULES = YES;
				CLANG_ENABLE_OBJC_ARC = YES;
				CLANG_WARN_BLOCK_CAPTURE_AUTORELEASING = YES;
				CLANG_WARN_BOOL_CONVERSION = YES;
				CLANG_WARN_COMMA = YES;
				CLANG_WARN_CONSTANT_CONVERSION = YES;
				CLANG_WARN_DIRECT_OBJC_ISA_USAGE = YES_ERROR;
				CLANG_WARN_DOCUMENTATION_COMMENTS = YES;
				CLANG_WARN_EMPTY_BODY = YES;
				CLANG_WARN_ENUM_CONVERSION = YES;
				CLANG_WARN_INFINITE_RECURSION = YES;
				CLANG_WARN_INT_CONVERSION = YES;
				CLANG_WARN_NON_LITERAL_NULL_CONVERSION = YES;
				CLANG_WARN_OBJC_LITERAL_CONVERSION = YES;
				CLANG_WARN_OBJC_ROOT_CLASS = YES_ERROR;
				CLANG_WARN_RANGE_LOOP_ANALYSIS = YES;
				CLANG_WARN_STRICT_PROTOTYPES = YES;
				CLANG_WARN_SUSPICIOUS_MOVE = YES;
				CLANG_WARN_UNGUARDED_AVAILABILITY = YES_AGGRESSIVE;
				CLANG_WARN_UNREACHABLE_CODE = YES;
				CLANG_WARN__DUPLICATE_METHOD_MATCH = YES;
				CODE_SIGN_IDENTITY = "iPhone Developer";
				COPY_PHASE_STRIP = NO;
				DEBUG_INFORMATION_FORMAT = dwarf;
				ENABLE_STRICT_OBJC_MSGSEND = YES;
				ENABLE_TESTABILITY = YES;
				GCC_C_LANGUAGE_STANDARD = gnu11;
				GCC_DYNAMIC_NO_PIC = NO;
				GCC_NO_COMMON_BLOCKS = YES;
				GCC_OPTIMIZATION_LEVEL = 0;
				GCC_PREPROCESSOR_DEFINITIONS = (
					"DEBUG=1",
					"$(inherited)",
				);
				GCC_WARN_64_TO_32_BIT_CONVERSION = YES;
				GCC_WARN_ABOUT_RETURN_TYPE = YES_ERROR;
				GCC_WARN_UNDECLARED_SELECTOR = YES;
				GCC_WARN_UNINITIALIZED_AUTOS = YES_AGGRESSIVE;
				GCC_WARN_UNUSED_FUNCTION = YES;
				GCC_WARN_UNUSED_VARIABLE = YES;
				IPHONEOS_DEPLOYMENT_TARGET = 11.2;
				MTL_ENABLE_DEBUG_INFO = YES;
				ONLY_ACTIVE_ARCH = YES;
				SDKROOT = iphoneos;
			};
			name = Debug;
		};
		F49186E6200504E100198A2C /* Release */ = {
			isa = XCBuildConfiguration;
			buildSettings = {
				ALWAYS_SEARCH_USER_PATHS = NO;
				CLANG_ANALYZER_NONNULL = YES;
				CLANG_ANALYZER_NUMBER_OBJECT_CONVERSION = YES_AGGRESSIVE;
				CLANG_CXX_LANGUAGE_STANDARD = "gnu++14";
				CLANG_CXX_LIBRARY = "libc++";
				CLANG_ENABLE_MODULES = YES;
				CLANG_ENABLE_OBJC_ARC = YES;
				CLANG_WARN_BLOCK_CAPTURE_AUTORELEASING = YES;
				CLANG_WARN_BOOL_CONVERSION = YES;
				CLANG_WARN_COMMA = YES;
				CLANG_WARN_CONSTANT_CONVERSION = YES;
				CLANG_WARN_DIRECT_OBJC_ISA_USAGE = YES_ERROR;
				CLANG_WARN_DOCUMENTATION_COMMENTS = YES;
				CLANG_WARN_EMPTY_BODY = YES;
				CLANG_WARN_ENUM_CONVERSION = YES;
				CLANG_WARN_INFINITE_RECURSION = YES;
				CLANG_WARN_INT_CONVERSION = YES;
				CLANG_WARN_NON_LITERAL_NULL_CONVERSION = YES;
				CLANG_WARN_OBJC_LITERAL_CONVERSION = YES;
				CLANG_WARN_OBJC_ROOT_CLASS = YES_ERROR;
				CLANG_WARN_RANGE_LOOP_ANALYSIS = YES;
				CLANG_WARN_STRICT_PROTOTYPES = YES;
				CLANG_WARN_SUSPICIOUS_MOVE = YES;
				CLANG_WARN_UNGUARDED_AVAILABILITY = YES_AGGRESSIVE;
				CLANG_WARN_UNREACHABLE_CODE = YES;
				CLANG_WARN__DUPLICATE_METHOD_MATCH = YES;
				CODE_SIGN_IDENTITY = "iPhone Developer";
				COPY_PHASE_STRIP = NO;
				DEBUG_INFORMATION_FORMAT = "dwarf-with-dsym";
				ENABLE_NS_ASSERTIONS = NO;
				ENABLE_STRICT_OBJC_MSGSEND = YES;
				GCC_C_LANGUAGE_STANDARD = gnu11;
				GCC_NO_COMMON_BLOCKS = YES;
				GCC_WARN_64_TO_32_BIT_CONVERSION = YES;
				GCC_WARN_ABOUT_RETURN_TYPE = YES_ERROR;
				GCC_WARN_UNDECLARED_SELECTOR = YES;
				GCC_WARN_UNINITIALIZED_AUTOS = YES_AGGRESSIVE;
				GCC_WARN_UNUSED_FUNCTION = YES;
				GCC_WARN_UNUSED_VARIABLE = YES;
				IPHONEOS_DEPLOYMENT_TARGET = 11.2;
				MTL_ENABLE_DEBUG_INFO = NO;
				SDKROOT = iphoneos;
				VALIDATE_PRODUCT = YES;
			};
			name = Release;
		};
		F49186E8200504E100198A2C /* Debug */ = {
			isa = XCBuildConfiguration;
			buildSettings = {
				ASSETCATALOG_COMPILER_APPICON_NAME = AppIcon;
				CODE_SIGN_STYLE = Automatic;
				DEVELOPMENT_TEAM = Z697NYY9J9;
				INFOPLIST_FILE = SROrderScrollViewDemo/Info.plist;
				IPHONEOS_DEPLOYMENT_TARGET = 9.0;
				LD_RUNPATH_SEARCH_PATHS = "$(inherited) @executable_path/Frameworks";
				PRODUCT_BUNDLE_IDENTIFIER = com.liusr.SROrderScrollViewDemo;
				PRODUCT_NAME = "$(TARGET_NAME)";
				TARGETED_DEVICE_FAMILY = 1;
			};
			name = Debug;
		};
		F49186E9200504E100198A2C /* Release */ = {
			isa = XCBuildConfiguration;
			buildSettings = {
				ASSETCATALOG_COMPILER_APPICON_NAME = AppIcon;
				CODE_SIGN_STYLE = Automatic;
				DEVELOPMENT_TEAM = Z697NYY9J9;
				INFOPLIST_FILE = SROrderScrollViewDemo/Info.plist;
				IPHONEOS_DEPLOYMENT_TARGET = 9.0;
				LD_RUNPATH_SEARCH_PATHS = "$(inherited) @executable_path/Frameworks";
				PRODUCT_BUNDLE_IDENTIFIER = com.liusr.SROrderScrollViewDemo;
				PRODUCT_NAME = "$(TARGET_NAME)";
				TARGETED_DEVICE_FAMILY = 1;
			};
			name = Release;
		};
/* End XCBuildConfiguration section */

/* Begin XCConfigurationList section */
		F49186CC200504E100198A2C /* Build configuration list for PBXProject "SROrderScrollViewDemo" */ = {
			isa = XCConfigurationList;
			buildConfigurations = (
				F49186E5200504E100198A2C /* Debug */,
				F49186E6200504E100198A2C /* Release */,
			);
			defaultConfigurationIsVisible = 0;
			defaultConfigurationName = Release;
		};
		F49186E7200504E100198A2C /* Build configuration list for PBXNativeTarget "SROrderScrollViewDemo" */ = {
			isa = XCConfigurationList;
			buildConfigurations = (
				F49186E8200504E100198A2C /* Debug */,
				F49186E9200504E100198A2C /* Release */,
			);
			defaultConfigurationIsVisible = 0;
			defaultConfigurationName = Release;
		};
/* End XCConfigurationList section */
	};
	rootObject = F49186C9200504E100198A2C /* Project object */;
}
